// !$*UTF8*$!
{
	archiveVersion = 1;
	classes = {
	};
	objectVersion = 46;
	objects = {

/* Begin PBXBuildFile section */
		FF95B7A41E793809009A4848 /* AppDelegate.swift in Sources */ = {isa = PBXBuildFile; fileRef = FF95B7A31E793809009A4848 /* AppDelegate.swift */; };
		FF95B7A61E793809009A4848 /* ZappingLiveStreamsViewController.swift in Sources */ = {isa = PBXBuildFile; fileRef = FF95B7A51E793809009A4848 /* ZappingLiveStreamsViewController.swift */; };
		FF95B7A91E793809009A4848 /* Main.storyboard in Resources */ = {isa = PBXBuildFile; fileRef = FF95B7A71E793809009A4848 /* Main.storyboard */; };
		FF95B7AB1E793809009A4848 /* Assets.xcassets in Resources */ = {isa = PBXBuildFile; fileRef = FF95B7AA1E793809009A4848 /* Assets.xcassets */; };
/* End PBXBuildFile section */

/* Begin PBXFileReference section */
		FF95B7A01E793809009A4848 /* ZappingLiveStreams.app */ = {isa = PBXFileReference; explicitFileType = wrapper.application; includeInIndex = 0; path = ZappingLiveStreams.app; sourceTree = BUILT_PRODUCTS_DIR; };
		FF95B7A31E793809009A4848 /* AppDelegate.swift */ = {isa = PBXFileReference; lastKnownFileType = sourcecode.swift; path = AppDelegate.swift; sourceTree = "<group>"; };
		FF95B7A51E793809009A4848 /* ZappingLiveStreamsViewController.swift */ = {isa = PBXFileReference; lastKnownFileType = sourcecode.swift; path = ZappingLiveStreamsViewController.swift; sourceTree = "<group>"; };
		FF95B7A81E793809009A4848 /* Base */ = {isa = PBXFileReference; lastKnownFileType = file.storyboard; name = Base; path = Base.lproj/Main.storyboard; sourceTree = "<group>"; };
		FF95B7AA1E793809009A4848 /* Assets.xcassets */ = {isa = PBXFileReference; lastKnownFileType = folder.assetcatalog; path = Assets.xcassets; sourceTree = "<group>"; };
		FF95B7AC1E793809009A4848 /* Info.plist */ = {isa = PBXFileReference; lastKnownFileType = text.plist.xml; path = Info.plist; sourceTree = "<group>"; };
/* End PBXFileReference section */

/* Begin PBXFrameworksBuildPhase section */
		FF95B79D1E793808009A4848 /* Frameworks */ = {
			isa = PBXFrameworksBuildPhase;
			buildActionMask = 2147483647;
			files = (
			);
			runOnlyForDeploymentPostprocessing = 0;
		};
/* End PBXFrameworksBuildPhase section */

/* Begin PBXGroup section */
		FF95B7971E793808009A4848 = {
			isa = PBXGroup;
			children = (
				FF95B7A21E793809009A4848 /* ZappingLiveStreams */,
				FF95B7A11E793809009A4848 /* Products */,
			);
			sourceTree = "<group>";
		};
		FF95B7A11E793809009A4848 /* Products */ = {
			isa = PBXGroup;
			children = (
				FF95B7A01E793809009A4848 /* ZappingLiveStreams.app */,
			);
			name = Products;
			sourceTree = "<group>";
		};
		FF95B7A21E793809009A4848 /* ZappingLiveStreams */ = {
			isa = PBXGroup;
			children = (
				FF95B7A31E793809009A4848 /* AppDelegate.swift */,
				FF95B7A51E793809009A4848 /* ZappingLiveStreamsViewController.swift */,
				FF95B7A71E793809009A4848 /* Main.storyboard */,
				FF95B7AA1E793809009A4848 /* Assets.xcassets */,
				FF95B7AC1E793809009A4848 /* Info.plist */,
			);
			path = ZappingLiveStreams;
			sourceTree = "<group>";
		};
/* End PBXGroup section */

/* Begin PBXNativeTarget section */
		FF95B79F1E793808009A4848 /* ZappingLiveStreams */ = {
			isa = PBXNativeTarget;
			buildConfigurationList = FF95B7AF1E793809009A4848 /* Build configuration list for PBXNativeTarget "ZappingLiveStreams" */;
			buildPhases = (
				FF95B79C1E793808009A4848 /* Sources */,
				FF95B79D1E793808009A4848 /* Frameworks */,
				FF95B79E1E793808009A4848 /* Resources */,
			);
			buildRules = (
			);
			dependencies = (
			);
			name = ZappingLiveStreams;
			productName = ZappingLiveStreams;
			productReference = FF95B7A01E793809009A4848 /* ZappingLiveStreams.app */;
			productType = "com.apple.product-type.application";
		};
/* End PBXNativeTarget section */

/* Begin PBXProject section */
		FF95B7981E793808009A4848 /* Project object */ = {
			isa = PBXProject;
			attributes = {
				LastSwiftUpdateCheck = 0830;
				LastUpgradeCheck = 0830;
				ORGANIZATIONNAME = "David Cordero";
				TargetAttributes = {
					FF95B79F1E793808009A4848 = {
						CreatedOnToolsVersion = 8.3;
						ProvisioningStyle = Automatic;
					};
				};
			};
			buildConfigurationList = FF95B79B1E793808009A4848 /* Build configuration list for PBXProject "ZappingLiveStreams" */;
			compatibilityVersion = "Xcode 3.2";
			developmentRegion = English;
			hasScannedForEncodings = 0;
			knownRegions = (
				en,
				Base,
			);
			mainGroup = FF95B7971E793808009A4848;
			productRefGroup = FF95B7A11E793809009A4848 /* Products */;
			projectDirPath = "";
			projectRoot = "";
			targets = (
				FF95B79F1E793808009A4848 /* ZappingLiveStreams */,
			);
		};
/* End PBXProject section */

/* Begin PBXResourcesBuildPhase section */
		FF95B79E1E793808009A4848 /* Resources */ = {
			isa = PBXResourcesBuildPhase;
			buildActionMask = 2147483647;
			files = (
				FF95B7AB1E793809009A4848 /* Assets.xcassets in Resources */,
				FF95B7A91E793809009A4848 /* Main.storyboard in Resources */,
			);
			runOnlyForDeploymentPostprocessing = 0;
		};
/* End PBXResourcesBuildPhase section */

/* Begin PBXSourcesBuildPhase section */
		FF95B79C1E793808009A4848 /* Sources */ = {
			isa = PBXSourcesBuildPhase;
			buildActionMask = 2147483647;
			files = (
				FF95B7A61E793809009A4848 /* ZappingLiveStreamsViewController.swift in Sources */,
				FF95B7A41E793809009A4848 /* AppDelegate.swift in Sources */,
			);
			runOnlyForDeploymentPostprocessing = 0;
		};
/* End PBXSourcesBuildPhase section */

/* Begin PBXVariantGroup section */
		FF95B7A71E793809009A4848 /* Main.storyboard */ = {
			isa = PBXVariantGroup;
			children = (
				FF95B7A81E793809009A4848 /* Base */,
			);
			name = Main.storyboard;
			sourceTree = "<group>";
		};
/* End PBXVariantGroup section */

/* Begin XCBuildConfiguration section */
		FF95B7AD1E793809009A4848 /* Debug */ = {
			isa = XCBuildConfiguration;
			buildSettings = {
				ALWAYS_SEARCH_USER_PATHS = NO;
				CLANG_ANALYZER_NONNULL = YES;
				CLANG_ANALYZER_NUMBER_OBJECT_CONVERSION = YES_AGGRESSIVE;
				CLANG_CXX_LANGUAGE_STANDARD = "gnu++0x";
				CLANG_CXX_LIBRARY = "libc++";
				CLANG_ENABLE_MODULES = YES;
				CLANG_ENABLE_OBJC_ARC = YES;
				CLANG_WARN_BOOL_CONVERSION = YES;
				CLANG_WARN_CONSTANT_CONVERSION = YES;
				CLANG_WARN_DIRECT_OBJC_ISA_USAGE = YES_ERROR;
				CLANG_WARN_DOCUMENTATION_COMMENTS = YES;
				CLANG_WARN_EMPTY_BODY = YES;
				CLANG_WARN_ENUM_CONVERSION = YES;
				CLANG_WARN_INFINITE_RECURSION = YES;
				CLANG_WARN_INT_CONVERSION = YES;
				CLANG_WARN_OBJC_ROOT_CLASS = YES_ERROR;
				CLANG_WARN_SUSPICIOUS_MOVE = YES;
				CLANG_WARN_UNREACHABLE_CODE = YES;
				CLANG_WARN__DUPLICATE_METHOD_MATCH = YES;
				COPY_PHASE_STRIP = NO;
				DEBUG_INFORMATION_FORMAT = dwarf;
				ENABLE_STRICT_OBJC_MSGSEND = YES;
				ENABLE_TESTABILITY = YES;
				GCC_C_LANGUAGE_STANDARD = gnu99;
				GCC_DYNAMIC_NO_PIC = NO;
				GCC_NO_COMMON_BLOCKS = YES;
				GCC_OPTIMIZATION_LEVEL = 0;
				GCC_PREPROCESSOR_DEFINITIONS = (
					"DEBUG=1",
					"$(inherited)",
				);
				GCC_WARN_64_TO_32_BIT_CONVERSION = YES;
				GCC_WARN_ABOUT_RETURN_TYPE = YES_ERROR;
				GCC_WARN_UNDECLARED_SELECTOR = YES;
				GCC_WARN_UNINITIALIZED_AUTOS = YES_AGGRESSIVE;
				GCC_WARN_UNUSED_FUNCTION = YES;
				GCC_WARN_UNUSED_VARIABLE = YES;
				MTL_ENABLE_DEBUG_INFO = YES;
				ONLY_ACTIVE_ARCH = YES;
				SDKROOT = appletvos;
				SWIFT_ACTIVE_COMPILATION_CONDITIONS = DEBUG;
				SWIFT_OPTIMIZATION_LEVEL = "-Onone";
				TARGETED_DEVICE_FAMILY = 3;
				TVOS_DEPLOYMENT_TARGET = 10.2;
			};
			name = Debug;
		};
		FF95B7AE1E793809009A4848 /* Release */ = {
			isa = XCBuildConfiguration;
			buildSettings = {
				ALWAYS_SEARCH_USER_PATHS = NO;
				CLANG_ANALYZER_NONNULL = YES;
				CLANG_ANALYZER_NUMBER_OBJECT_CONVERSION = YES_AGGRESSIVE;
				CLANG_CXX_LANGUAGE_STANDARD = "gnu++0x";
				CLANG_CXX_LIBRARY = "libc++";
				CLANG_ENABLE_MODULES = YES;
				CLANG_ENABLE_OBJC_ARC = YES;
				CLANG_WARN_BOOL_CONVERSION = YES;
				CLANG_WARN_CONSTANT_CONVERSION = YES;
				CLANG_WARN_DIRECT_OBJC_ISA_USAGE = YES_ERROR;
				CLANG_WARN_DOCUMENTATION_COMMENTS = YES;
				CLANG_WARN_EMPTY_BODY = YES;
				CLANG_WARN_ENUM_CONVERSION = YES;
				CLANG_WARN_INFINITE_RECURSION = YES;
				CLANG_WARN_INT_CONVERSION = YES;
				CLANG_WARN_OBJC_ROOT_CLASS = YES_ERROR;
				CLANG_WARN_SUSPICIOUS_MOVE = YES;
				CLANG_WARN_UNREACHABLE_CODE = YES;
				CLANG_WARN__DUPLICATE_METHOD_MATCH = YES;
				COPY_PHASE_STRIP = NO;
				DEBUG_INFORMATION_FORMAT = "dwarf-with-dsym";
				ENABLE_NS_ASSERTIONS = NO;
				ENABLE_STRICT_OBJC_MSGSEND = YES;
				GCC_C_LANGUAGE_STANDARD = gnu99;
				GCC_NO_COMMON_BLOCKS = YES;
				GCC_WARN_64_TO_32_BIT_CONVERSION = YES;
				GCC_WARN_ABOUT_RETURN_TYPE = YES_ERROR;
				GCC_WARN_UNDECLARED_SELECTOR = YES;
				GCC_WARN_UNINITIALIZED_AUTOS = YES_AGGRESSIVE;
				GCC_WARN_UNUSED_FUNCTION = YES;
				GCC_WARN_UNUSED_VARIABLE = YES;
				MTL_ENABLE_DEBUG_INFO = NO;
				SDKROOT = appletvos;
				SWIFT_OPTIMIZATION_LEVEL = "-Owholemodule";
				TARGETED_DEVICE_FAMILY = 3;
				TVOS_DEPLOYMENT_TARGET = 10.2;
				VALIDATE_PRODUCT = YES;
			};
			name = Release;
		};
		FF95B7B01E793809009A4848 /* Debug */ = {
			isa = XCBuildConfiguration;
			buildSettings = {
				ASSETCATALOG_COMPILER_APPICON_NAME = "App Icon & Top Shelf Image";
				ASSETCATALOG_COMPILER_LAUNCHIMAGE_NAME = LaunchImage;
				INFOPLIST_FILE = ZappingLiveStreams/Info.plist;
				LD_RUNPATH_SEARCH_PATHS = "$(inherited) @executable_path/Frameworks";
				PRODUCT_BUNDLE_IDENTIFIER = dcordero.ZappingLiveStreams;
				PRODUCT_NAME = "$(TARGET_NAME)";
				SWIFT_VERSION = 3.0;
			};
			name = Debug;
		};
		FF95B7B11E793809009A4848 /* Release */ = {
			isa = XCBuildConfiguration;
			buildSettings = {
				ASSETCATALOG_COMPILER_APPICON_NAME = "App Icon & Top Shelf Image";
				ASSETCATALOG_COMPILER_LAUNCHIMAGE_NAME = LaunchImage;
				INFOPLIST_FILE = ZappingLiveStreams/Info.plist;
				LD_RUNPATH_SEARCH_PATHS = "$(inherited) @executable_path/Frameworks";
				PRODUCT_BUNDLE_IDENTIFIER = dcordero.ZappingLiveStreams;
				PRODUCT_NAME = "$(TARGET_NAME)";
				SWIFT_VERSION = 3.0;
			};
			name = Release;
		};
/* End XCBuildConfiguration section */

/* Begin XCConfigurationList section */
		FF95B79B1E793808009A4848 /* Build configuration list for PBXProject "ZappingLiveStreams" */ = {
			isa = XCConfigurationList;
			buildConfigurations = (
				FF95B7AD1E793809009A4848 /* Debug */,
				FF95B7AE1E793809009A4848 /* Release */,
			);
			defaultConfigurationIsVisible = 0;
			defaultConfigurationName = Release;
		};
		FF95B7AF1E793809009A4848 /* Build configuration list for PBXNativeTarget "ZappingLiveStreams" */ = {
			isa = XCConfigurationList;
			buildConfigurations = (
				FF95B7B01E793809009A4848 /* Debug */,
				FF95B7B11E793809009A4848 /* Release */,
			);
			defaultConfigurationIsVisible = 0;
		};
/* End XCConfigurationList section */
	};
	rootObject = FF95B7981E793808009A4848 /* Project object */;
}
